# This file is automatically @generated by Cargo.
# It is not intended for manual editing.
version = 3

[[package]]
name = "anyhow"
version = "1.0.69"
source = "registry+https://github.com/rust-lang/crates.io-index"
checksum = "224afbd727c3d6e4b90103ece64b8d1b67fbb1973b1046c2281eed3f3803f800"

[[package]]
name = "autocfg"
version = "1.1.0"
source = "registry+https://github.com/rust-lang/crates.io-index"
checksum = "d468802bab17cbc0cc575e9b053f41e72aa36bfa6b7f55e3529ffa43161b97fa"

[[package]]
name = "hamming"
version = "0.1.3"
source = "registry+https://github.com/rust-lang/crates.io-index"
checksum = "65043da274378d68241eb9a8f8f8aa54e349136f7b8e12f63e3ef44043cc30e1"

[[package]]
name = "integer-sqrt"
version = "0.1.5"
source = "registry+https://github.com/rust-lang/crates.io-index"
checksum = "276ec31bcb4a9ee45f58bec6f9ec700ae4cf4f4f8f2fa7e06cb406bd5ffdd770"
dependencies = [
 "num-traits",
]

[[package]]
name = "num-integer"
version = "0.1.45"
source = "registry+https://github.com/rust-lang/crates.io-index"
checksum = "225d3389fb3509a24c93f5c29eb6bde2586b98d9f016636dff58d7c6f7569cd9"
dependencies = [
 "autocfg",
 "num-traits",
]

[[package]]
name = "num-traits"
version = "0.2.15"
source = "registry+https://github.com/rust-lang/crates.io-index"
checksum = "578ede34cf02f8924ab9447f50c28075b4d3e5b269972345e7e0372b38c6cdcd"
dependencies = [
 "autocfg",
]

[[package]]
name = "primal"
version = "0.3.1"
source = "registry+https://github.com/rust-lang/crates.io-index"
checksum = "389bfb36ac527b5fe21a57f87bc7956af45cbeb2de7750b90b7ebac6770e715e"
dependencies = [
 "primal-check",
 "primal-estimate",
 "primal-sieve",
]

[[package]]
name = "primal-bit"
version = "0.3.1"
source = "registry+https://github.com/rust-lang/crates.io-index"
checksum = "6ce4fe11b2a87850ca3bd5dc9c7cb9f66e32a09edab221be406ac5ff677f2241"
dependencies = [
 "hamming",
]

[[package]]
name = "primal-check"
version = "0.3.2"
source = "registry+https://github.com/rust-lang/crates.io-index"
checksum = "8b264861209b0641a9b7571695029f516698bd3f2bf46eb61fca408675630b8c"
dependencies = [
 "num-integer",
]

[[package]]
name = "primal-estimate"
version = "0.3.2"
source = "registry+https://github.com/rust-lang/crates.io-index"
checksum = "7374f14c76f23e1271e6be806981ac5dd9e52b59132b0a2f10bcc412495f9159"

[[package]]
name = "primal-sieve"
version = "0.3.3"
source = "registry+https://github.com/rust-lang/crates.io-index"
checksum = "db590560d6ee714f54cbe1d0c46e301f3cfb7134dfef352a4ce21e980a8ea539"
dependencies = [
 "primal-bit",
 "primal-estimate",
 "smallvec",
]

[[package]]
name = "rusty_euler"
version = "0.1.0"
dependencies = [
 "anyhow",
 "integer-sqrt",
 "primal",
]

[[package]]
name = "smallvec"
version = "1.9.0"
source = "registry+https://github.com/rust-lang/crates.io-index"
checksum = "2fd0db749597d91ff862fd1d55ea87f7855a744a8425a64695b6fca237d1dad1"
